
Microsoft Visual Studio Solution File, Format Version 12.00
# Visual Studio Version 17
VisualStudioVersion = 17.4.33205.214
MinimumVisualStudioVersion = 10.0.40219.1
Project("{FAE04EC0-301F-11D3-BF4B-00C04F79EFBC}") = "d06", "d06\d06.csproj", "{1E3859AD-BE9A-4F68-92E3-24339A774661}"
EndProject
Global
	GlobalSection(SolutionConfigurationPlatforms) = preSolution
		Debug|Any CPU = Debug|Any CPU
		Release|Any CPU = Release|Any CPU
	EndGlobalSection
	GlobalSection(ProjectConfigurationPlatforms) = postSolution
		{1E3859AD-BE9A-4F68-92E3-24339A774661}.Debug|Any CPU.ActiveCfg = Debug|Any CPU
		{1E3859AD-BE9A-4F68-92E3-24339A774661}.Debug|Any CPU.Build.0 = Debug|Any CPU
		{1E3859AD-BE9A-4F68-92E3-24339A774661}.Release|Any CPU.ActiveCfg = Release|Any CPU
		{1E3859AD-BE9A-4F68-92E3-24339A774661}.Release|Any CPU.Build.0 = Release|Any CPU
	EndGlobalSection
	GlobalSection(SolutionProperties) = preSolution
		HideSolutionNode = FALSE
	EndGlobalSection
	GlobalSection(ExtensibilityGlobals) = postSolution
		SolutionGuid = {167759C5-D0E4-423A-A696-CCF18133ED1D}
	EndGlobalSection
EndGlobal
