
Microsoft Visual Studio Solution File, Format Version 12.00
# Visual Studio Version 17
VisualStudioVersion = 17.4.33205.214
MinimumVisualStudioVersion = 10.0.40219.1
Project("{FAE04EC0-301F-11D3-BF4B-00C04F79EFBC}") = "d07_ex00", "d07_ex00\d07_ex00.csproj", "{B2E2C05E-066C-4DBE-8F2F-040AA213A08F}"
EndProject
Project("{FAE04EC0-301F-11D3-BF4B-00C04F79EFBC}") = "d07_ex01", "d07_ex01\d07_ex01.csproj", "{68C9BAB6-8D4D-4CDC-8484-39C5EF7F84D6}"
EndProject
Project("{FAE04EC0-301F-11D3-BF4B-00C04F79EFBC}") = "d07_ex02", "d07_ex02\d07_ex02.csproj", "{DF3CA8BA-7713-486C-889A-F22A4B5EA6FE}"
EndProject
Project("{FAE04EC0-301F-11D3-BF4B-00C04F79EFBC}") = "d07_ex03", "d07_ex03\d07_ex03.csproj", "{2B96562E-2A8B-4514-9B91-9D6D06E2CA21}"
EndProject
Global
	GlobalSection(SolutionConfigurationPlatforms) = preSolution
		Debug|Any CPU = Debug|Any CPU
		Release|Any CPU = Release|Any CPU
	EndGlobalSection
	GlobalSection(ProjectConfigurationPlatforms) = postSolution
		{B2E2C05E-066C-4DBE-8F2F-040AA213A08F}.Debug|Any CPU.ActiveCfg = Debug|Any CPU
		{B2E2C05E-066C-4DBE-8F2F-040AA213A08F}.Debug|Any CPU.Build.0 = Debug|Any CPU
		{B2E2C05E-066C-4DBE-8F2F-040AA213A08F}.Release|Any CPU.ActiveCfg = Release|Any CPU
		{B2E2C05E-066C-4DBE-8F2F-040AA213A08F}.Release|Any CPU.Build.0 = Release|Any CPU
		{68C9BAB6-8D4D-4CDC-8484-39C5EF7F84D6}.Debug|Any CPU.ActiveCfg = Debug|Any CPU
		{68C9BAB6-8D4D-4CDC-8484-39C5EF7F84D6}.Debug|Any CPU.Build.0 = Debug|Any CPU
		{68C9BAB6-8D4D-4CDC-8484-39C5EF7F84D6}.Release|Any CPU.ActiveCfg = Release|Any CPU
		{68C9BAB6-8D4D-4CDC-8484-39C5EF7F84D6}.Release|Any CPU.Build.0 = Release|Any CPU
		{DF3CA8BA-7713-486C-889A-F22A4B5EA6FE}.Debug|Any CPU.ActiveCfg = Debug|Any CPU
		{DF3CA8BA-7713-486C-889A-F22A4B5EA6FE}.Debug|Any CPU.Build.0 = Debug|Any CPU
		{DF3CA8BA-7713-486C-889A-F22A4B5EA6FE}.Release|Any CPU.ActiveCfg = Release|Any CPU
		{DF3CA8BA-7713-486C-889A-F22A4B5EA6FE}.Release|Any CPU.Build.0 = Release|Any CPU
		{2B96562E-2A8B-4514-9B91-9D6D06E2CA21}.Debug|Any CPU.ActiveCfg = Debug|Any CPU
		{2B96562E-2A8B-4514-9B91-9D6D06E2CA21}.Debug|Any CPU.Build.0 = Debug|Any CPU
		{2B96562E-2A8B-4514-9B91-9D6D06E2CA21}.Release|Any CPU.ActiveCfg = Release|Any CPU
		{2B96562E-2A8B-4514-9B91-9D6D06E2CA21}.Release|Any CPU.Build.0 = Release|Any CPU
	EndGlobalSection
	GlobalSection(SolutionProperties) = preSolution
		HideSolutionNode = FALSE
	EndGlobalSection
	GlobalSection(ExtensibilityGlobals) = postSolution
		SolutionGuid = {C03966A5-5034-40F2-9603-491D400D7434}
	EndGlobalSection
EndGlobal
