
Microsoft Visual Studio Solution File, Format Version 12.00
# Visual Studio Version 17
VisualStudioVersion = 17.4.33205.214
MinimumVisualStudioVersion = 10.0.40219.1
Project("{FAE04EC0-301F-11D3-BF4B-00C04F79EFBC}") = "d05.Host", "d05.Host\d05.Host.csproj", "{2FACF868-130A-4489-81A1-1CED1B9D63E8}"
EndProject
Project("{FAE04EC0-301F-11D3-BF4B-00C04F79EFBC}") = "d05.Nasa", "d05.Nasa\d05.Nasa.csproj", "{0DFCD5AE-B78A-463F-B785-71530F107DFF}"
EndProject
Global
	GlobalSection(SolutionConfigurationPlatforms) = preSolution
		Debug|Any CPU = Debug|Any CPU
		Release|Any CPU = Release|Any CPU
	EndGlobalSection
	GlobalSection(ProjectConfigurationPlatforms) = postSolution
		{2FACF868-130A-4489-81A1-1CED1B9D63E8}.Debug|Any CPU.ActiveCfg = Debug|Any CPU
		{2FACF868-130A-4489-81A1-1CED1B9D63E8}.Debug|Any CPU.Build.0 = Debug|Any CPU
		{2FACF868-130A-4489-81A1-1CED1B9D63E8}.Release|Any CPU.ActiveCfg = Release|Any CPU
		{2FACF868-130A-4489-81A1-1CED1B9D63E8}.Release|Any CPU.Build.0 = Release|Any CPU
		{0DFCD5AE-B78A-463F-B785-71530F107DFF}.Debug|Any CPU.ActiveCfg = Debug|Any CPU
		{0DFCD5AE-B78A-463F-B785-71530F107DFF}.Debug|Any CPU.Build.0 = Debug|Any CPU
		{0DFCD5AE-B78A-463F-B785-71530F107DFF}.Release|Any CPU.ActiveCfg = Release|Any CPU
		{0DFCD5AE-B78A-463F-B785-71530F107DFF}.Release|Any CPU.Build.0 = Release|Any CPU
	EndGlobalSection
	GlobalSection(SolutionProperties) = preSolution
		HideSolutionNode = FALSE
	EndGlobalSection
	GlobalSection(ExtensibilityGlobals) = postSolution
		SolutionGuid = {0B5EF1AF-50D0-48B3-81F9-554CA74A4F3E}
	EndGlobalSection
EndGlobal
